
Microsoft Visual Studio Solution File, Format Version 12.00
# Visual Studio Version 16
VisualStudioVersion = 16.0.30225.117
MinimumVisualStudioVersion = 10.0.40219.1
Project("{FAE04EC0-301F-11D3-BF4B-00C04F79EFBC}") = "Ardruino Computer Data Display", "Ardruino Computer Data Display\Ardruino Computer Data Display.csproj", "{4C886EC6-D3E4-4DC9-A795-E0E4875DC625}"
EndProject
Project("{2150E333-8FDC-42A3-9474-1A3956D46DE8}") = "Solution Items", "Solution Items", "{7B7E1AE8-4D5E-4573-8632-FF3F82527816}"
	ProjectSection(SolutionItems) = preProject
		ArdMon\ArdMon.ino = ArdMon\ArdMon.ino
		Images\trash-can-icon-28692.png = Images\trash-can-icon-28692.png
	EndProjectSection
EndProject
Global
	GlobalSection(SolutionConfigurationPlatforms) = preSolution
		Debug|Any CPU = Debug|Any CPU
		Release|Any CPU = Release|Any CPU
	EndGlobalSection
	GlobalSection(ProjectConfigurationPlatforms) = postSolution
		{4C886EC6-D3E4-4DC9-A795-E0E4875DC625}.Debug|Any CPU.ActiveCfg = Debug|Any CPU
		{4C886EC6-D3E4-4DC9-A795-E0E4875DC625}.Debug|Any CPU.Build.0 = Debug|Any CPU
		{4C886EC6-D3E4-4DC9-A795-E0E4875DC625}.Release|Any CPU.ActiveCfg = Release|Any CPU
		{4C886EC6-D3E4-4DC9-A795-E0E4875DC625}.Release|Any CPU.Build.0 = Release|Any CPU
	EndGlobalSection
	GlobalSection(SolutionProperties) = preSolution
		HideSolutionNode = FALSE
	EndGlobalSection
	GlobalSection(ExtensibilityGlobals) = postSolution
		SolutionGuid = {26A5C1A9-F062-42DC-A2C5-DC3B2DFCC59C}
	EndGlobalSection
EndGlobal
