
Microsoft Visual Studio Solution File, Format Version 12.00
# Visual Studio Version 16
VisualStudioVersion = 16.0.30225.117
MinimumVisualStudioVersion = 10.0.40219.1
Project("{FAE04EC0-301F-11D3-BF4B-00C04F79EFBC}") = "Ardruino Computer Monitor", "Ardruino Computer Monitor\Ardruino Computer Monitor.csproj", "{4C886EC6-D3E4-4DC9-A795-E0E4875DC625}"
EndProject
Global
	GlobalSection(SolutionConfigurationPlatforms) = preSolution
		Debug|Any CPU = Debug|Any CPU
		Release|Any CPU = Release|Any CPU
	EndGlobalSection
	GlobalSection(ProjectConfigurationPlatforms) = postSolution
		{4C886EC6-D3E4-4DC9-A795-E0E4875DC625}.Debug|Any CPU.ActiveCfg = Debug|Any CPU
		{4C886EC6-D3E4-4DC9-A795-E0E4875DC625}.Debug|Any CPU.Build.0 = Debug|Any CPU
		{4C886EC6-D3E4-4DC9-A795-E0E4875DC625}.Release|Any CPU.ActiveCfg = Release|Any CPU
		{4C886EC6-D3E4-4DC9-A795-E0E4875DC625}.Release|Any CPU.Build.0 = Release|Any CPU
	EndGlobalSection
	GlobalSection(SolutionProperties) = preSolution
		HideSolutionNode = FALSE
	EndGlobalSection
	GlobalSection(ExtensibilityGlobals) = postSolution
		SolutionGuid = {A4C22305-355E-42EE-843D-81CF394089B2}
	EndGlobalSection
EndGlobal
